
Microsoft Visual Studio Solution File, Format Version 12.00
# Visual Studio Version 17
VisualStudioVersion = 17.14.36414.22
MinimumVisualStudioVersion = 10.0.40219.1
Project("{FAE04EC0-301F-11D3-BF4B-00C04F79EFBC}") = "ConsoleApp11", "ConsoleApp11\ConsoleApp11.csproj", "{A35D3399-377F-4C95-ADBC-1BB6BE81AA4F}"
EndProject
Project("{FAE04EC0-301F-11D3-BF4B-00C04F79EFBC}") = "Exeption", "Exeption\Exeption.csproj", "{B38F41D5-B8F8-4812-B671-77890E2BA448}"
EndProject
Project("{FAE04EC0-301F-11D3-BF4B-00C04F79EFBC}") = "Delegate", "Delegate\Delegate.csproj", "{569C9C13-0C75-4117-9A88-2C3D68717FB5}"
EndProject
Global
	GlobalSection(SolutionConfigurationPlatforms) = preSolution
		Debug|Any CPU = Debug|Any CPU
		Release|Any CPU = Release|Any CPU
	EndGlobalSection
	GlobalSection(ProjectConfigurationPlatforms) = postSolution
		{A35D3399-377F-4C95-ADBC-1BB6BE81AA4F}.Debug|Any CPU.ActiveCfg = Debug|Any CPU
		{A35D3399-377F-4C95-ADBC-1BB6BE81AA4F}.Debug|Any CPU.Build.0 = Debug|Any CPU
		{A35D3399-377F-4C95-ADBC-1BB6BE81AA4F}.Release|Any CPU.ActiveCfg = Release|Any CPU
		{A35D3399-377F-4C95-ADBC-1BB6BE81AA4F}.Release|Any CPU.Build.0 = Release|Any CPU
		{B38F41D5-B8F8-4812-B671-77890E2BA448}.Debug|Any CPU.ActiveCfg = Debug|Any CPU
		{B38F41D5-B8F8-4812-B671-77890E2BA448}.Debug|Any CPU.Build.0 = Debug|Any CPU
		{B38F41D5-B8F8-4812-B671-77890E2BA448}.Release|Any CPU.ActiveCfg = Release|Any CPU
		{B38F41D5-B8F8-4812-B671-77890E2BA448}.Release|Any CPU.Build.0 = Release|Any CPU
		{569C9C13-0C75-4117-9A88-2C3D68717FB5}.Debug|Any CPU.ActiveCfg = Debug|Any CPU
		{569C9C13-0C75-4117-9A88-2C3D68717FB5}.Debug|Any CPU.Build.0 = Debug|Any CPU
		{569C9C13-0C75-4117-9A88-2C3D68717FB5}.Release|Any CPU.ActiveCfg = Release|Any CPU
		{569C9C13-0C75-4117-9A88-2C3D68717FB5}.Release|Any CPU.Build.0 = Release|Any CPU
	EndGlobalSection
	GlobalSection(SolutionProperties) = preSolution
		HideSolutionNode = FALSE
	EndGlobalSection
	GlobalSection(ExtensibilityGlobals) = postSolution
		SolutionGuid = {4B8D88AE-C12D-4D17-8572-82FC17F949AA}
	EndGlobalSection
EndGlobal
